
Microsoft Visual Studio Solution File, Format Version 12.00
# Visual Studio 15
VisualStudioVersion = 15.0.28010.2003
MinimumVisualStudioVersion = 10.0.40219.1
Project("{FAE04EC0-301F-11D3-BF4B-00C04F79EFBC}") = "Programowanie_w_srodowisku_Windows", "Programowanie_w_srodowisku_Windows\Programowanie_w_srodowisku_Windows.csproj", "{03FB25B5-F561-4877-9198-F400594E175F}"
EndProject
Global
	GlobalSection(SolutionConfigurationPlatforms) = preSolution
		Debug|Any CPU = Debug|Any CPU
		Release|Any CPU = Release|Any CPU
	EndGlobalSection
	GlobalSection(ProjectConfigurationPlatforms) = postSolution
		{03FB25B5-F561-4877-9198-F400594E175F}.Debug|Any CPU.ActiveCfg = Debug|Any CPU
		{03FB25B5-F561-4877-9198-F400594E175F}.Debug|Any CPU.Build.0 = Debug|Any CPU
		{03FB25B5-F561-4877-9198-F400594E175F}.Release|Any CPU.ActiveCfg = Release|Any CPU
		{03FB25B5-F561-4877-9198-F400594E175F}.Release|Any CPU.Build.0 = Release|Any CPU
	EndGlobalSection
	GlobalSection(SolutionProperties) = preSolution
		HideSolutionNode = FALSE
	EndGlobalSection
	GlobalSection(ExtensibilityGlobals) = postSolution
		SolutionGuid = {08DF43C1-5B36-4E85-B822-D3B072EC2996}
	EndGlobalSection
EndGlobal
